// !$*UTF8*$!
{
	archiveVersion = 1;
	classes = {
	};
	objectVersion = 77;
	objects = {

/* Begin PBXBuildFile section */
		471A8ED82ED9EF9D0036D54C /* SnippetKeyboard.appex in Embed Foundation Extensions */ = {isa = PBXBuildFile; fileRef = 471A8ED12ED9EF9D0036D54C /* SnippetKeyboard.appex */; settings = {ATTRIBUTES = (RemoveHeadersOnCopy, ); }; };
		471A8EEC2ED9EFB40036D54C /* SnippetShare.appex in Embed Foundation Extensions */ = {isa = PBXBuildFile; fileRef = 471A8EE22ED9EFB40036D54C /* SnippetShare.appex */; settings = {ATTRIBUTES = (RemoveHeadersOnCopy, ); }; };
		4733CE692ED9F1A9008D1851 /* SnippetStorage.swift in Sources */ = {isa = PBXBuildFile; fileRef = 4733CE682ED9F1A9008D1851 /* SnippetStorage.swift */; };
		4733CE6A2ED9F1A9008D1851 /* Snippet.swift in Sources */ = {isa = PBXBuildFile; fileRef = 4733CE672ED9F1A9008D1851 /* Snippet.swift */; };
		4733CE6B2ED9F1A9008D1851 /* SnippetStorage.swift in Sources */ = {isa = PBXBuildFile; fileRef = 4733CE682ED9F1A9008D1851 /* SnippetStorage.swift */; };
		4733CE6C2ED9F1A9008D1851 /* Snippet.swift in Sources */ = {isa = PBXBuildFile; fileRef = 4733CE672ED9F1A9008D1851 /* Snippet.swift */; };
		4733CE6D2ED9F1A9008D1851 /* SnippetStorage.swift in Sources */ = {isa = PBXBuildFile; fileRef = 4733CE682ED9F1A9008D1851 /* SnippetStorage.swift */; };
		4733CE6E2ED9F1A9008D1851 /* Snippet.swift in Sources */ = {isa = PBXBuildFile; fileRef = 4733CE672ED9F1A9008D1851 /* Snippet.swift */; };
/* End PBXBuildFile section */

/* Begin PBXContainerItemProxy section */
		471A8ED62ED9EF9D0036D54C /* PBXContainerItemProxy */ = {
			isa = PBXContainerItemProxy;
			containerPortal = 471A8EB72ED9EF870036D54C /* Project object */;
			proxyType = 1;
			remoteGlobalIDString = 471A8ED02ED9EF9D0036D54C;
			remoteInfo = SnippetKeyboard;
		};
		471A8EEA2ED9EFB40036D54C /* PBXContainerItemProxy */ = {
			isa = PBXContainerItemProxy;
			containerPortal = 471A8EB72ED9EF870036D54C /* Project object */;
			proxyType = 1;
			remoteGlobalIDString = 471A8EE12ED9EFB40036D54C;
			remoteInfo = SnippetShare;
		};
/* End PBXContainerItemProxy section */

/* Begin PBXCopyFilesBuildPhase section */
		471A8EDD2ED9EF9D0036D54C /* Embed Foundation Extensions */ = {
			isa = PBXCopyFilesBuildPhase;
			buildActionMask = 2147483647;
			dstPath = "";
			dstSubfolderSpec = 13;
			files = (
				471A8EEC2ED9EFB40036D54C /* SnippetShare.appex in Embed Foundation Extensions */,
				471A8ED82ED9EF9D0036D54C /* SnippetKeyboard.appex in Embed Foundation Extensions */,
			);
			name = "Embed Foundation Extensions";
			runOnlyForDeploymentPostprocessing = 0;
		};
/* End PBXCopyFilesBuildPhase section */

/* Begin PBXFileReference section */
		471A8EBF2ED9EF870036D54C /* SnippetManager.app */ = {isa = PBXFileReference; explicitFileType = wrapper.application; includeInIndex = 0; path = SnippetManager.app; sourceTree = BUILT_PRODUCTS_DIR; };
		471A8ED12ED9EF9D0036D54C /* SnippetKeyboard.appex */ = {isa = PBXFileReference; explicitFileType = "wrapper.app-extension"; includeInIndex = 0; path = SnippetKeyboard.appex; sourceTree = BUILT_PRODUCTS_DIR; };
		471A8EE22ED9EFB40036D54C /* SnippetShare.appex */ = {isa = PBXFileReference; explicitFileType = "wrapper.app-extension"; includeInIndex = 0; path = SnippetShare.appex; sourceTree = BUILT_PRODUCTS_DIR; };
		4733CE672ED9F1A9008D1851 /* Snippet.swift */ = {isa = PBXFileReference; lastKnownFileType = sourcecode.swift; path = Snippet.swift; sourceTree = "<group>"; };
		4733CE682ED9F1A9008D1851 /* SnippetStorage.swift */ = {isa = PBXFileReference; lastKnownFileType = sourcecode.swift; path = SnippetStorage.swift; sourceTree = "<group>"; };
/* End PBXFileReference section */

/* Begin PBXFileSystemSynchronizedBuildFileExceptionSet section */
		4733CE762ED9F3AB008D1851 /* Exceptions for "SnippetShare" folder in "SnippetShare" target */ = {
			isa = PBXFileSystemSynchronizedBuildFileExceptionSet;
			membershipExceptions = (
				Info.plist,
			);
			target = 471A8EE12ED9EFB40036D54C /* SnippetShare */;
		};
		4733CE772ED9F3B1008D1851 /* Exceptions for "SnippetKeyboard" folder in "SnippetKeyboard" target */ = {
			isa = PBXFileSystemSynchronizedBuildFileExceptionSet;
			membershipExceptions = (
				Info.plist,
			);
			target = 471A8ED02ED9EF9D0036D54C /* SnippetKeyboard */;
		};
/* End PBXFileSystemSynchronizedBuildFileExceptionSet section */

/* Begin PBXFileSystemSynchronizedRootGroup section */
		471A8EC12ED9EF870036D54C /* SnippetManager */ = {
			isa = PBXFileSystemSynchronizedRootGroup;
			path = SnippetManager;
			sourceTree = "<group>";
		};
		471A8ED22ED9EF9D0036D54C /* SnippetKeyboard */ = {
			isa = PBXFileSystemSynchronizedRootGroup;
			exceptions = (
				4733CE772ED9F3B1008D1851 /* Exceptions for "SnippetKeyboard" folder in "SnippetKeyboard" target */,
			);
			path = SnippetKeyboard;
			sourceTree = "<group>";
		};
		471A8EE32ED9EFB40036D54C /* SnippetShare */ = {
			isa = PBXFileSystemSynchronizedRootGroup;
			exceptions = (
				4733CE762ED9F3AB008D1851 /* Exceptions for "SnippetShare" folder in "SnippetShare" target */,
			);
			path = SnippetShare;
			sourceTree = "<group>";
		};
/* End PBXFileSystemSynchronizedRootGroup section */

/* Begin PBXFrameworksBuildPhase section */
		471A8EBC2ED9EF870036D54C /* Frameworks */ = {
			isa = PBXFrameworksBuildPhase;
			buildActionMask = 2147483647;
			files = (
			);
			runOnlyForDeploymentPostprocessing = 0;
		};
		471A8ECE2ED9EF9D0036D54C /* Frameworks */ = {
			isa = PBXFrameworksBuildPhase;
			buildActionMask = 2147483647;
			files = (
			);
			runOnlyForDeploymentPostprocessing = 0;
		};
		471A8EDF2ED9EFB40036D54C /* Frameworks */ = {
			isa = PBXFrameworksBuildPhase;
			buildActionMask = 2147483647;
			files = (
			);
			runOnlyForDeploymentPostprocessing = 0;
		};
/* End PBXFrameworksBuildPhase section */

/* Begin PBXGroup section */
		471A8EB62ED9EF870036D54C = {
			isa = PBXGroup;
			children = (
				471A8EF12ED9EFF60036D54C /* Shared */,
				471A8EC12ED9EF870036D54C /* SnippetManager */,
				471A8ED22ED9EF9D0036D54C /* SnippetKeyboard */,
				471A8EE32ED9EFB40036D54C /* SnippetShare */,
				471A8EC02ED9EF870036D54C /* Products */,
			);
			sourceTree = "<group>";
		};
		471A8EC02ED9EF870036D54C /* Products */ = {
			isa = PBXGroup;
			children = (
				471A8EBF2ED9EF870036D54C /* SnippetManager.app */,
				471A8ED12ED9EF9D0036D54C /* SnippetKeyboard.appex */,
				471A8EE22ED9EFB40036D54C /* SnippetShare.appex */,
			);
			name = Products;
			sourceTree = "<group>";
		};
		471A8EF12ED9EFF60036D54C /* Shared */ = {
			isa = PBXGroup;
			children = (
				4733CE672ED9F1A9008D1851 /* Snippet.swift */,
				4733CE682ED9F1A9008D1851 /* SnippetStorage.swift */,
			);
			path = Shared;
			sourceTree = "<group>";
		};
/* End PBXGroup section */

/* Begin PBXNativeTarget section */
		471A8EBE2ED9EF870036D54C /* SnippetManager */ = {
			isa = PBXNativeTarget;
			buildConfigurationList = 471A8ECA2ED9EF880036D54C /* Build configuration list for PBXNativeTarget "SnippetManager" */;
			buildPhases = (
				471A8EBB2ED9EF870036D54C /* Sources */,
				471A8EBC2ED9EF870036D54C /* Frameworks */,
				471A8EBD2ED9EF870036D54C /* Resources */,
				471A8EDD2ED9EF9D0036D54C /* Embed Foundation Extensions */,
			);
			buildRules = (
			);
			dependencies = (
				471A8ED72ED9EF9D0036D54C /* PBXTargetDependency */,
				471A8EEB2ED9EFB40036D54C /* PBXTargetDependency */,
			);
			fileSystemSynchronizedGroups = (
				471A8EC12ED9EF870036D54C /* SnippetManager */,
			);
			name = SnippetManager;
			packageProductDependencies = (
			);
			productName = SnippetManager;
			productReference = 471A8EBF2ED9EF870036D54C /* SnippetManager.app */;
			productType = "com.apple.product-type.application";
		};
		471A8ED02ED9EF9D0036D54C /* SnippetKeyboard */ = {
			isa = PBXNativeTarget;
			buildConfigurationList = 471A8EDA2ED9EF9D0036D54C /* Build configuration list for PBXNativeTarget "SnippetKeyboard" */;
			buildPhases = (
				471A8ECD2ED9EF9D0036D54C /* Sources */,
				471A8ECE2ED9EF9D0036D54C /* Frameworks */,
				471A8ECF2ED9EF9D0036D54C /* Resources */,
			);
			buildRules = (
			);
			dependencies = (
			);
			fileSystemSynchronizedGroups = (
				471A8ED22ED9EF9D0036D54C /* SnippetKeyboard */,
			);
			name = SnippetKeyboard;
			packageProductDependencies = (
			);
			productName = SnippetKeyboard;
			productReference = 471A8ED12ED9EF9D0036D54C /* SnippetKeyboard.appex */;
			productType = "com.apple.product-type.app-extension";
		};
		471A8EE12ED9EFB40036D54C /* SnippetShare */ = {
			isa = PBXNativeTarget;
			buildConfigurationList = 471A8EEE2ED9EFB40036D54C /* Build configuration list for PBXNativeTarget "SnippetShare" */;
			buildPhases = (
				471A8EDE2ED9EFB40036D54C /* Sources */,
				471A8EDF2ED9EFB40036D54C /* Frameworks */,
				471A8EE02ED9EFB40036D54C /* Resources */,
			);
			buildRules = (
			);
			dependencies = (
			);
			fileSystemSynchronizedGroups = (
				471A8EE32ED9EFB40036D54C /* SnippetShare */,
			);
			name = SnippetShare;
			packageProductDependencies = (
			);
			productName = SnippetShare;
			productReference = 471A8EE22ED9EFB40036D54C /* SnippetShare.appex */;
			productType = "com.apple.product-type.app-extension";
		};
/* End PBXNativeTarget section */

/* Begin PBXProject section */
		471A8EB72ED9EF870036D54C /* Project object */ = {
			isa = PBXProject;
			attributes = {
				BuildIndependentTargetsInParallel = 1;
				LastSwiftUpdateCheck = 1630;
				LastUpgradeCheck = 1630;
				TargetAttributes = {
					471A8EBE2ED9EF870036D54C = {
						CreatedOnToolsVersion = 16.3;
					};
					471A8ED02ED9EF9D0036D54C = {
						CreatedOnToolsVersion = 16.3;
					};
					471A8EE12ED9EFB40036D54C = {
						CreatedOnToolsVersion = 16.3;
					};
				};
			};
			buildConfigurationList = 471A8EBA2ED9EF870036D54C /* Build configuration list for PBXProject "SnippetManager" */;
			developmentRegion = en;
			hasScannedForEncodings = 0;
			knownRegions = (
				en,
				Base,
			);
			mainGroup = 471A8EB62ED9EF870036D54C;
			minimizedProjectReferenceProxies = 1;
			preferredProjectObjectVersion = 77;
			productRefGroup = 471A8EC02ED9EF870036D54C /* Products */;
			projectDirPath = "";
			projectRoot = "";
			targets = (
				471A8EBE2ED9EF870036D54C /* SnippetManager */,
				471A8ED02ED9EF9D0036D54C /* SnippetKeyboard */,
				471A8EE12ED9EFB40036D54C /* SnippetShare */,
			);
		};
/* End PBXProject section */

/* Begin PBXResourcesBuildPhase section */
		471A8EBD2ED9EF870036D54C /* Resources */ = {
			isa = PBXResourcesBuildPhase;
			buildActionMask = 2147483647;
			files = (
			);
			runOnlyForDeploymentPostprocessing = 0;
		};
		471A8ECF2ED9EF9D0036D54C /* Resources */ = {
			isa = PBXResourcesBuildPhase;
			buildActionMask = 2147483647;
			files = (
			);
			runOnlyForDeploymentPostprocessing = 0;
		};
		471A8EE02ED9EFB40036D54C /* Resources */ = {
			isa = PBXResourcesBuildPhase;
			buildActionMask = 2147483647;
			files = (
			);
			runOnlyForDeploymentPostprocessing = 0;
		};
/* End PBXResourcesBuildPhase section */

/* Begin PBXSourcesBuildPhase section */
		471A8EBB2ED9EF870036D54C /* Sources */ = {
			isa = PBXSourcesBuildPhase;
			buildActionMask = 2147483647;
			files = (
				4733CE6B2ED9F1A9008D1851 /* SnippetStorage.swift in Sources */,
				4733CE6C2ED9F1A9008D1851 /* Snippet.swift in Sources */,
			);
			runOnlyForDeploymentPostprocessing = 0;
		};
		471A8ECD2ED9EF9D0036D54C /* Sources */ = {
			isa = PBXSourcesBuildPhase;
			buildActionMask = 2147483647;
			files = (
				4733CE692ED9F1A9008D1851 /* SnippetStorage.swift in Sources */,
				4733CE6A2ED9F1A9008D1851 /* Snippet.swift in Sources */,
			);
			runOnlyForDeploymentPostprocessing = 0;
		};
		471A8EDE2ED9EFB40036D54C /* Sources */ = {
			isa = PBXSourcesBuildPhase;
			buildActionMask = 2147483647;
			files = (
				4733CE6D2ED9F1A9008D1851 /* SnippetStorage.swift in Sources */,
				4733CE6E2ED9F1A9008D1851 /* Snippet.swift in Sources */,
			);
			runOnlyForDeploymentPostprocessing = 0;
		};
/* End PBXSourcesBuildPhase section */

/* Begin PBXTargetDependency section */
		471A8ED72ED9EF9D0036D54C /* PBXTargetDependency */ = {
			isa = PBXTargetDependency;
			target = 471A8ED02ED9EF9D0036D54C /* SnippetKeyboard */;
			targetProxy = 471A8ED62ED9EF9D0036D54C /* PBXContainerItemProxy */;
		};
		471A8EEB2ED9EFB40036D54C /* PBXTargetDependency */ = {
			isa = PBXTargetDependency;
			target = 471A8EE12ED9EFB40036D54C /* SnippetShare */;
			targetProxy = 471A8EEA2ED9EFB40036D54C /* PBXContainerItemProxy */;
		};
/* End PBXTargetDependency section */

/* Begin XCBuildConfiguration section */
		471A8EC82ED9EF880036D54C /* Debug */ = {
			isa = XCBuildConfiguration;
			buildSettings = {
				ALWAYS_SEARCH_USER_PATHS = NO;
				ASSETCATALOG_COMPILER_GENERATE_SWIFT_ASSET_SYMBOL_EXTENSIONS = YES;
				CLANG_ANALYZER_NONNULL = YES;
				CLANG_ANALYZER_NUMBER_OBJECT_CONVERSION = YES_AGGRESSIVE;
				CLANG_CXX_LANGUAGE_STANDARD = "gnu++20";
				CLANG_ENABLE_MODULES = YES;
				CLANG_ENABLE_OBJC_ARC = YES;
				CLANG_ENABLE_OBJC_WEAK = YES;
				CLANG_WARN_BLOCK_CAPTURE_AUTORELEASING = YES;
				CLANG_WARN_BOOL_CONVERSION = YES;
				CLANG_WARN_COMMA = YES;
				CLANG_WARN_CONSTANT_CONVERSION = YES;
				CLANG_WARN_DEPRECATED_OBJC_IMPLEMENTATIONS = YES;
				CLANG_WARN_DIRECT_OBJC_ISA_USAGE = YES_ERROR;
				CLANG_WARN_DOCUMENTATION_COMMENTS = YES;
				CLANG_WARN_EMPTY_BODY = YES;
				CLANG_WARN_ENUM_CONVERSION = YES;
				CLANG_WARN_INFINITE_RECURSION = YES;
				CLANG_WARN_INT_CONVERSION = YES;
				CLANG_WARN_NON_LITERAL_NULL_CONVERSION = YES;
				CLANG_WARN_OBJC_IMPLICIT_RETAIN_SELF = YES;
				CLANG_WARN_OBJC_LITERAL_CONVERSION = YES;
				CLANG_WARN_OBJC_ROOT_CLASS = YES_ERROR;
				CLANG_WARN_QUOTED_INCLUDE_IN_FRAMEWORK_HEADER = YES;
				CLANG_WARN_RANGE_LOOP_ANALYSIS = YES;
				CLANG_WARN_STRICT_PROTOTYPES = YES;
				CLANG_WARN_SUSPICIOUS_MOVE = YES;
				CLANG_WARN_UNGUARDED_AVAILABILITY = YES_AGGRESSIVE;
				CLANG_WARN_UNREACHABLE_CODE = YES;
				CLANG_WARN__DUPLICATE_METHOD_MATCH = YES;
				COPY_PHASE_STRIP = NO;
				DEBUG_INFORMATION_FORMAT = dwarf;
				DEVELOPMENT_TEAM = X2ULA6KJUN;
				ENABLE_STRICT_OBJC_MSGSEND = YES;
				ENABLE_TESTABILITY = YES;
				ENABLE_USER_SCRIPT_SANDBOXING = YES;
				GCC_C_LANGUAGE_STANDARD = gnu17;
				GCC_DYNAMIC_NO_PIC = NO;
				GCC_NO_COMMON_BLOCKS = YES;
				GCC_OPTIMIZATION_LEVEL = 0;
				GCC_PREPROCESSOR_DEFINITIONS = (
					"DEBUG=1",
					"$(inherited)",
				);
				GCC_WARN_64_TO_32_BIT_CONVERSION = YES;
				GCC_WARN_ABOUT_RETURN_TYPE = YES_ERROR;
				GCC_WARN_UNDECLARED_SELECTOR = YES;
				GCC_WARN_UNINITIALIZED_AUTOS = YES_AGGRESSIVE;
				GCC_WARN_UNUSED_FUNCTION = YES;
				GCC_WARN_UNUSED_VARIABLE = YES;
				IPHONEOS_DEPLOYMENT_TARGET = 18.4;
				LOCALIZATION_PREFERS_STRING_CATALOGS = YES;
				MTL_ENABLE_DEBUG_INFO = INCLUDE_SOURCE;
				MTL_FAST_MATH = YES;
				ONLY_ACTIVE_ARCH = YES;
				SDKROOT = iphoneos;
				SWIFT_ACTIVE_COMPILATION_CONDITIONS = "DEBUG $(inherited)";
				SWIFT_OPTIMIZATION_LEVEL = "-Onone";
			};
			name = Debug;
		};
		471A8EC92ED9EF880036D54C /* Release */ = {
			isa = XCBuildConfiguration;
			buildSettings = {
				ALWAYS_SEARCH_USER_PATHS = NO;
				ASSETCATALOG_COMPILER_GENERATE_SWIFT_ASSET_SYMBOL_EXTENSIONS = YES;
				CLANG_ANALYZER_NONNULL = YES;
				CLANG_ANALYZER_NUMBER_OBJECT_CONVERSION = YES_AGGRESSIVE;
				CLANG_CXX_LANGUAGE_STANDARD = "gnu++20";
				CLANG_ENABLE_MODULES = YES;
				CLANG_ENABLE_OBJC_ARC = YES;
				CLANG_ENABLE_OBJC_WEAK = YES;
				CLANG_WARN_BLOCK_CAPTURE_AUTORELEASING = YES;
				CLANG_WARN_BOOL_CONVERSION = YES;
				CLANG_WARN_COMMA = YES;
				CLANG_WARN_CONSTANT_CONVERSION = YES;
				CLANG_WARN_DEPRECATED_OBJC_IMPLEMENTATIONS = YES;
				CLANG_WARN_DIRECT_OBJC_ISA_USAGE = YES_ERROR;
				CLANG_WARN_DOCUMENTATION_COMMENTS = YES;
				CLANG_WARN_EMPTY_BODY = YES;
				CLANG_WARN_ENUM_CONVERSION = YES;
				CLANG_WARN_INFINITE_RECURSION = YES;
				CLANG_WARN_INT_CONVERSION = YES;
				CLANG_WARN_NON_LITERAL_NULL_CONVERSION = YES;
				CLANG_WARN_OBJC_IMPLICIT_RETAIN_SELF = YES;
				CLANG_WARN_OBJC_LITERAL_CONVERSION = YES;
				CLANG_WARN_OBJC_ROOT_CLASS = YES_ERROR;
				CLANG_WARN_QUOTED_INCLUDE_IN_FRAMEWORK_HEADER = YES;
				CLANG_WARN_RANGE_LOOP_ANALYSIS = YES;
				CLANG_WARN_STRICT_PROTOTYPES = YES;
				CLANG_WARN_SUSPICIOUS_MOVE = YES;
				CLANG_WARN_UNGUARDED_AVAILABILITY = YES_AGGRESSIVE;
				CLANG_WARN_UNREACHABLE_CODE = YES;
				CLANG_WARN__DUPLICATE_METHOD_MATCH = YES;
				COPY_PHASE_STRIP = NO;
				DEBUG_INFORMATION_FORMAT = "dwarf-with-dsym";
				DEVELOPMENT_TEAM = X2ULA6KJUN;
				ENABLE_NS_ASSERTIONS = NO;
				ENABLE_STRICT_OBJC_MSGSEND = YES;
				ENABLE_USER_SCRIPT_SANDBOXING = YES;
				GCC_C_LANGUAGE_STANDARD = gnu17;
				GCC_NO_COMMON_BLOCKS = YES;
				GCC_WARN_64_TO_32_BIT_CONVERSION = YES;
				GCC_WARN_ABOUT_RETURN_TYPE = YES_ERROR;
				GCC_WARN_UNDECLARED_SELECTOR = YES;
				GCC_WARN_UNINITIALIZED_AUTOS = YES_AGGRESSIVE;
				GCC_WARN_UNUSED_FUNCTION = YES;
				GCC_WARN_UNUSED_VARIABLE = YES;
				IPHONEOS_DEPLOYMENT_TARGET = 18.4;
				LOCALIZATION_PREFERS_STRING_CATALOGS = YES;
				MTL_ENABLE_DEBUG_INFO = NO;
				MTL_FAST_MATH = YES;
				SDKROOT = iphoneos;
				SWIFT_COMPILATION_MODE = wholemodule;
				VALIDATE_PRODUCT = YES;
			};
			name = Release;
		};
		471A8ECB2ED9EF880036D54C /* Debug */ = {
			isa = XCBuildConfiguration;
			buildSettings = {
				ASSETCATALOG_COMPILER_APPICON_NAME = AppIcon;
				ASSETCATALOG_COMPILER_GLOBAL_ACCENT_COLOR_NAME = AccentColor;
				CODE_SIGN_ENTITLEMENTS = SnippetManager/SnippetManager.entitlements;
				CODE_SIGN_STYLE = Automatic;
				CURRENT_PROJECT_VERSION = 1;
				DEVELOPMENT_TEAM = X2ULA6KJUN;
				ENABLE_PREVIEWS = YES;
				GENERATE_INFOPLIST_FILE = YES;
				INFOPLIST_KEY_UIApplicationSceneManifest_Generation = YES;
				INFOPLIST_KEY_UIApplicationSupportsIndirectInputEvents = YES;
				INFOPLIST_KEY_UILaunchScreen_Generation = YES;
				INFOPLIST_KEY_UISupportedInterfaceOrientations_iPad = "UIInterfaceOrientationPortrait UIInterfaceOrientationPortraitUpsideDown UIInterfaceOrientationLandscapeLeft UIInterfaceOrientationLandscapeRight";
				INFOPLIST_KEY_UISupportedInterfaceOrientations_iPhone = "UIInterfaceOrientationPortrait UIInterfaceOrientationLandscapeLeft UIInterfaceOrientationLandscapeRight";
				LD_RUNPATH_SEARCH_PATHS = (
					"$(inherited)",
					"@executable_path/Frameworks",
				);
				MARKETING_VERSION = 1.0;
				PRODUCT_BUNDLE_IDENTIFIER = com.scottopell.SnippetManager;
				PRODUCT_NAME = "$(TARGET_NAME)";
				SWIFT_EMIT_LOC_STRINGS = YES;
				SWIFT_VERSION = 5.0;
				TARGETED_DEVICE_FAMILY = "1,2";
			};
			name = Debug;
		};
		471A8ECC2ED9EF880036D54C /* Release */ = {
			isa = XCBuildConfiguration;
			buildSettings = {
				ASSETCATALOG_COMPILER_APPICON_NAME = AppIcon;
				ASSETCATALOG_COMPILER_GLOBAL_ACCENT_COLOR_NAME = AccentColor;
				CODE_SIGN_ENTITLEMENTS = SnippetManager/SnippetManager.entitlements;
				CODE_SIGN_STYLE = Automatic;
				CURRENT_PROJECT_VERSION = 1;
				DEVELOPMENT_TEAM = X2ULA6KJUN;
				ENABLE_PREVIEWS = YES;
				GENERATE_INFOPLIST_FILE = YES;
				INFOPLIST_KEY_UIApplicationSceneManifest_Generation = YES;
				INFOPLIST_KEY_UIApplicationSupportsIndirectInputEvents = YES;
				INFOPLIST_KEY_UILaunchScreen_Generation = YES;
				INFOPLIST_KEY_UISupportedInterfaceOrientations_iPad = "UIInterfaceOrientationPortrait UIInterfaceOrientationPortraitUpsideDown UIInterfaceOrientationLandscapeLeft UIInterfaceOrientationLandscapeRight";
				INFOPLIST_KEY_UISupportedInterfaceOrientations_iPhone = "UIInterfaceOrientationPortrait UIInterfaceOrientationLandscapeLeft UIInterfaceOrientationLandscapeRight";
				LD_RUNPATH_SEARCH_PATHS = (
					"$(inherited)",
					"@executable_path/Frameworks",
				);
				MARKETING_VERSION = 1.0;
				PRODUCT_BUNDLE_IDENTIFIER = com.scottopell.SnippetManager;
				PRODUCT_NAME = "$(TARGET_NAME)";
				SWIFT_EMIT_LOC_STRINGS = YES;
				SWIFT_VERSION = 5.0;
				TARGETED_DEVICE_FAMILY = "1,2";
			};
			name = Release;
		};
		471A8EDB2ED9EF9D0036D54C /* Debug */ = {
			isa = XCBuildConfiguration;
			buildSettings = {
				CODE_SIGN_ENTITLEMENTS = SnippetKeyboard/SnippetKeyboard.entitlements;
				CODE_SIGN_STYLE = Automatic;
				CURRENT_PROJECT_VERSION = 1;
				DEVELOPMENT_TEAM = X2ULA6KJUN;
				GENERATE_INFOPLIST_FILE = YES;
				INFOPLIST_FILE = SnippetKeyboard/Info.plist;
				INFOPLIST_KEY_CFBundleDisplayName = SnippetKeyboard;
				INFOPLIST_KEY_NSHumanReadableCopyright = "";
				LD_RUNPATH_SEARCH_PATHS = (
					"$(inherited)",
					"@executable_path/Frameworks",
					"@executable_path/../../Frameworks",
				);
				MARKETING_VERSION = 1.0;
				PRODUCT_BUNDLE_IDENTIFIER = com.scottopell.SnippetManager.SnippetKeyboard;
				PRODUCT_NAME = "$(TARGET_NAME)";
				SKIP_INSTALL = YES;
				SWIFT_EMIT_LOC_STRINGS = YES;
				SWIFT_VERSION = 5.0;
				TARGETED_DEVICE_FAMILY = "1,2";
			};
			name = Debug;
		};
		471A8EDC2ED9EF9D0036D54C /* Release */ = {
			isa = XCBuildConfiguration;
			buildSettings = {
				CODE_SIGN_ENTITLEMENTS = SnippetKeyboard/SnippetKeyboard.entitlements;
				CODE_SIGN_STYLE = Automatic;
				CURRENT_PROJECT_VERSION = 1;
				DEVELOPMENT_TEAM = X2ULA6KJUN;
				GENERATE_INFOPLIST_FILE = YES;
				INFOPLIST_FILE = SnippetKeyboard/Info.plist;
				INFOPLIST_KEY_CFBundleDisplayName = SnippetKeyboard;
				INFOPLIST_KEY_NSHumanReadableCopyright = "";
				LD_RUNPATH_SEARCH_PATHS = (
					"$(inherited)",
					"@executable_path/Frameworks",
					"@executable_path/../../Frameworks",
				);
				MARKETING_VERSION = 1.0;
				PRODUCT_BUNDLE_IDENTIFIER = com.scottopell.SnippetManager.SnippetKeyboard;
				PRODUCT_NAME = "$(TARGET_NAME)";
				SKIP_INSTALL = YES;
				SWIFT_EMIT_LOC_STRINGS = YES;
				SWIFT_VERSION = 5.0;
				TARGETED_DEVICE_FAMILY = "1,2";
			};
			name = Release;
		};
		471A8EEF2ED9EFB40036D54C /* Debug */ = {
			isa = XCBuildConfiguration;
			buildSettings = {
				CODE_SIGN_ENTITLEMENTS = SnippetShare/SnippetShare.entitlements;
				CODE_SIGN_STYLE = Automatic;
				CURRENT_PROJECT_VERSION = 1;
				DEVELOPMENT_TEAM = X2ULA6KJUN;
				GENERATE_INFOPLIST_FILE = YES;
				INFOPLIST_FILE = SnippetShare/Info.plist;
				INFOPLIST_KEY_CFBundleDisplayName = SnippetShare;
				INFOPLIST_KEY_NSHumanReadableCopyright = "";
				LD_RUNPATH_SEARCH_PATHS = (
					"$(inherited)",
					"@executable_path/Frameworks",
					"@executable_path/../../Frameworks",
				);
				MARKETING_VERSION = 1.0;
				PRODUCT_BUNDLE_IDENTIFIER = com.scottopell.SnippetManager.SnippetShare;
				PRODUCT_NAME = "$(TARGET_NAME)";
				SKIP_INSTALL = YES;
				SWIFT_EMIT_LOC_STRINGS = YES;
				SWIFT_VERSION = 5.0;
				TARGETED_DEVICE_FAMILY = "1,2";
			};
			name = Debug;
		};
		471A8EF02ED9EFB40036D54C /* Release */ = {
			isa = XCBuildConfiguration;
			buildSettings = {
				CODE_SIGN_ENTITLEMENTS = SnippetShare/SnippetShare.entitlements;
				CODE_SIGN_STYLE = Automatic;
				CURRENT_PROJECT_VERSION = 1;
				DEVELOPMENT_TEAM = X2ULA6KJUN;
				GENERATE_INFOPLIST_FILE = YES;
				INFOPLIST_FILE = SnippetShare/Info.plist;
				INFOPLIST_KEY_CFBundleDisplayName = SnippetShare;
				INFOPLIST_KEY_NSHumanReadableCopyright = "";
				LD_RUNPATH_SEARCH_PATHS = (
					"$(inherited)",
					"@executable_path/Frameworks",
					"@executable_path/../../Frameworks",
				);
				MARKETING_VERSION = 1.0;
				PRODUCT_BUNDLE_IDENTIFIER = com.scottopell.SnippetManager.SnippetShare;
				PRODUCT_NAME = "$(TARGET_NAME)";
				SKIP_INSTALL = YES;
				SWIFT_EMIT_LOC_STRINGS = YES;
				SWIFT_VERSION = 5.0;
				TARGETED_DEVICE_FAMILY = "1,2";
			};
			name = Release;
		};
/* End XCBuildConfiguration section */

/* Begin XCConfigurationList section */
		471A8EBA2ED9EF870036D54C /* Build configuration list for PBXProject "SnippetManager" */ = {
			isa = XCConfigurationList;
			buildConfigurations = (
				471A8EC82ED9EF880036D54C /* Debug */,
				471A8EC92ED9EF880036D54C /* Release */,
			);
			defaultConfigurationIsVisible = 0;
			defaultConfigurationName = Release;
		};
		471A8ECA2ED9EF880036D54C /* Build configuration list for PBXNativeTarget "SnippetManager" */ = {
			isa = XCConfigurationList;
			buildConfigurations = (
				471A8ECB2ED9EF880036D54C /* Debug */,
				471A8ECC2ED9EF880036D54C /* Release */,
			);
			defaultConfigurationIsVisible = 0;
			defaultConfigurationName = Release;
		};
		471A8EDA2ED9EF9D0036D54C /* Build configuration list for PBXNativeTarget "SnippetKeyboard" */ = {
			isa = XCConfigurationList;
			buildConfigurations = (
				471A8EDB2ED9EF9D0036D54C /* Debug */,
				471A8EDC2ED9EF9D0036D54C /* Release */,
			);
			defaultConfigurationIsVisible = 0;
			defaultConfigurationName = Release;
		};
		471A8EEE2ED9EFB40036D54C /* Build configuration list for PBXNativeTarget "SnippetShare" */ = {
			isa = XCConfigurationList;
			buildConfigurations = (
				471A8EEF2ED9EFB40036D54C /* Debug */,
				471A8EF02ED9EFB40036D54C /* Release */,
			);
			defaultConfigurationIsVisible = 0;
			defaultConfigurationName = Release;
		};
/* End XCConfigurationList section */
	};
	rootObject = 471A8EB72ED9EF870036D54C /* Project object */;
}
